<?xml version="1.0" encoding="utf-8"?>
<Project ToolsVersion="16.0" xmlns="http://schemas.microsoft.com/developer/msbuild/2003">
  <ItemGroup>
    <CustomBuild Include="C:\dev\hogl\CMakeFiles\06ec179c98d8ec59500e661237447ebe\generate.stamp.rule">
      <Filter>CMake Rules</Filter>
    </CustomBuild>
  </ItemGroup>
  <ItemGroup>
    <Filter Include="CMake Rules">
      <UniqueIdentifier>{28F40374-75B5-329E-A7BB-02D4E1DDE79B}</UniqueIdentifier>
    </Filter>
  </ItemGroup>
</Project>
